
Microsoft Visual Studio Solution File, Format Version 12.00
# Visual Studio Version 17
VisualStudioVersion = 17.0.31903.59
MinimumVisualStudioVersion = 10.0.40219.1
Project("{FAE04EC0-301F-11D3-BF4B-00C04F79EFBC}") = "Magcdev.AdventOfCode", "Magcdev.AdventOfCode\Magcdev.AdventOfCode.csproj", "{3AC4ACDE-8F35-4B80-BBF2-C3A1DD3CDBBA}"
EndProject
Project("{FAE04EC0-301F-11D3-BF4B-00C04F79EFBC}") = "Magcdev.AdventOfCode.test", "Magcdev.AdventOfCode.test\Magcdev.AdventOfCode.test.csproj", "{79CE34C2-6606-4833-812B-A27EADCC7823}"
EndProject
Global
	GlobalSection(SolutionConfigurationPlatforms) = preSolution
		Debug|Any CPU = Debug|Any CPU
		Release|Any CPU = Release|Any CPU
	EndGlobalSection
	GlobalSection(SolutionProperties) = preSolution
		HideSolutionNode = FALSE
	EndGlobalSection
	GlobalSection(ProjectConfigurationPlatforms) = postSolution
		{3AC4ACDE-8F35-4B80-BBF2-C3A1DD3CDBBA}.Debug|Any CPU.ActiveCfg = Debug|Any CPU
		{3AC4ACDE-8F35-4B80-BBF2-C3A1DD3CDBBA}.Debug|Any CPU.Build.0 = Debug|Any CPU
		{3AC4ACDE-8F35-4B80-BBF2-C3A1DD3CDBBA}.Release|Any CPU.ActiveCfg = Release|Any CPU
		{3AC4ACDE-8F35-4B80-BBF2-C3A1DD3CDBBA}.Release|Any CPU.Build.0 = Release|Any CPU
		{79CE34C2-6606-4833-812B-A27EADCC7823}.Debug|Any CPU.ActiveCfg = Debug|Any CPU
		{79CE34C2-6606-4833-812B-A27EADCC7823}.Debug|Any CPU.Build.0 = Debug|Any CPU
		{79CE34C2-6606-4833-812B-A27EADCC7823}.Release|Any CPU.ActiveCfg = Release|Any CPU
		{79CE34C2-6606-4833-812B-A27EADCC7823}.Release|Any CPU.Build.0 = Release|Any CPU
	EndGlobalSection
EndGlobal
